{
  "nodes": {
    "nixpkgs": {
      "locked": {
        "lastModified": 1778672786,
        "narHash": "sha256-Blg88K1jwG+P0Mr27+rKMFCufdrWkV3wWh9AdYtz0FQ=",
        "owner": "NixOS",
        "repo": "nixpkgs",
        "rev": "eef00dfd8a712b34af845f9350bac681b1228bd1",
        "type": "github"
      },
      "original": {
        "owner": "NixOS",
        "ref": "nixpkgs-unstable",
        "repo": "nixpkgs",
        "type": "github"
      }
    },
    "qs": {
      "inputs": {
        "nixpkgs": [
          "nixpkgs"
        ]
      },
      "locked": {
        "lastModified": 1778488696,
        "narHash": "sha256-QSWgYuZUCNUJ/cxmaq83WkcT7lHQDDfsPVgH+96kIl0=",
        "ref": "refs/heads/master",
        "rev": "7d1c9a9c6721606b129829134d6f614f015621e2",
        "revCount": 818,
        "type": "git",
        "url": "https://git.outfoxxed.me/outfoxxed/quickshell"
      },
      "original": {
        "type": "git",
        "url": "https://git.outfoxxed.me/outfoxxed/quickshell"
      }
    },
    "qtengine": {
      "inputs": {
        "nixpkgs": [
          "nixpkgs"
        ]
      },
      "locked": {
        "lastModified": 1778644540,
        "narHash": "sha256-D7mzavE5WfLyvEXV0pvO3/gxC+SSmfjw4Lxy7I5qvnI=",
        "owner": "kossLAN",
        "repo": "qtengine",
        "rev": "073987f0120ac77a92fb9f0c0877aa7f1f04d3bf",
        "type": "github"
      },
      "original": {
        "owner": "kossLAN",
        "repo": "qtengine",
        "type": "github"
      }
    },
    "root": {
      "inputs": {
        "nixpkgs": "nixpkgs",
        "qs": "qs",
        "qtengine": "qtengine"
      }
    }
  },
  "root": "root",
  "version": 7
}
