{
  "nodes": {
    "nixpkgs": {
      "locked": {
        "lastModified": 1773597492,
        "narHash": "sha256-hQ284SkIeNaeyud+LS0WVLX+WL2rxcVZLFEaK0e03zg=",
        "owner": "NixOS",
        "repo": "nixpkgs",
        "rev": "a07d4ce6bee67d7c838a8a5796e75dff9caa21ef",
        "type": "github"
      },
      "original": {
        "owner": "NixOS",
        "ref": "nixpkgs-unstable",
        "repo": "nixpkgs",
        "type": "github"
      }
    },
    "qs": {
      "inputs": {
        "nixpkgs": [
          "nixpkgs"
        ]
      },
      "locked": {
        "lastModified": 1773634415,
        "narHash": "sha256-zW+3XbhYy5zZg9L6EP+WxoeQzZR7JIRuCvCuUiPxic4=",
        "ref": "refs/heads/master",
        "rev": "9e8eecf2b8bfa9dd3eed5712d5856d7b041ea909",
        "revCount": 760,
        "type": "git",
        "url": "https://git.outfoxxed.me/outfoxxed/quickshell"
      },
      "original": {
        "type": "git",
        "url": "https://git.outfoxxed.me/outfoxxed/quickshell"
      }
    },
    "qtengine": {
      "inputs": {
        "nixpkgs": [
          "nixpkgs"
        ]
      },
      "locked": {
        "lastModified": 1772766331,
        "narHash": "sha256-aJ5ZdIX10nmhzMLjP6QMuFJHvljJD+xcojuKZjPkr70=",
        "owner": "kossLAN",
        "repo": "qtengine",
        "rev": "abf8c1d3068dd10739b0671fa62f96c5347f276f",
        "type": "github"
      },
      "original": {
        "owner": "kossLAN",
        "repo": "qtengine",
        "type": "github"
      }
    },
    "root": {
      "inputs": {
        "nixpkgs": "nixpkgs",
        "qs": "qs",
        "qtengine": "qtengine"
      }
    }
  },
  "root": "root",
  "version": 7
}
